// !$*UTF8*$!
{
	archiveVersion = 1;
	classes = {
	};
	objectVersion = 52;
	objects = {

/* Begin PBXBuildFile section */
		1F09F21923ECF0D4005DDFE9 /* ObserableTransform.swift in Sources */ = {isa = PBXBuildFile; fileRef = 1F09F21823ECF0D4005DDFE9 /* ObserableTransform.swift */; };
		1F09F21C23ED02F3005DDFE9 /* PublishViewController.swift in Sources */ = {isa = PBXBuildFile; fileRef = 1F09F21B23ED02F3005DDFE9 /* PublishViewController.swift */; };
		1F09F21E23ED0505005DDFE9 /* PublishViewModel.swift in Sources */ = {isa = PBXBuildFile; fileRef = 1F09F21D23ED0505005DDFE9 /* PublishViewModel.swift */; };
		1F43D43F23E999AA004CE885 /* GitHubModel.swift in Sources */ = {isa = PBXBuildFile; fileRef = 1F43D43E23E999AA004CE885 /* GitHubModel.swift */; };
		1F43D44223E999BE004CE885 /* GitHubApi.swift in Sources */ = {isa = PBXBuildFile; fileRef = 1F43D44123E999BE004CE885 /* GitHubApi.swift */; };
		1F43D44423E99A10004CE885 /* MainViewModel.swift in Sources */ = {isa = PBXBuildFile; fileRef = 1F43D44323E99A10004CE885 /* MainViewModel.swift */; };
		1F43D44723E99C25004CE885 /* SampleTableViewCell.swift in Sources */ = {isa = PBXBuildFile; fileRef = 1F43D44623E99C25004CE885 /* SampleTableViewCell.swift */; };
		1F8CEA9223EA778C00D5C566 /* Observable+Ext.swift in Sources */ = {isa = PBXBuildFile; fileRef = 1F8CEA9123EA778C00D5C566 /* Observable+Ext.swift */; };
		1FB14E7923EE7AC40046D7B9 /* XCGLogger in Frameworks */ = {isa = PBXBuildFile; productRef = 1FB14E7823EE7AC40046D7B9 /* XCGLogger */; };
		1FB14E7C23EE7C020046D7B9 /* Moya in Frameworks */ = {isa = PBXBuildFile; productRef = 1FB14E7B23EE7C020046D7B9 /* Moya */; };
		1FB14E7E23EE7C020046D7B9 /* RxMoya in Frameworks */ = {isa = PBXBuildFile; productRef = 1FB14E7D23EE7C020046D7B9 /* RxMoya */; };
		1FB14E8123EE7C620046D7B9 /* RxCocoa in Frameworks */ = {isa = PBXBuildFile; productRef = 1FB14E8023EE7C620046D7B9 /* RxCocoa */; };
		1FB14E8323EE7C620046D7B9 /* RxSwift in Frameworks */ = {isa = PBXBuildFile; productRef = 1FB14E8223EE7C620046D7B9 /* RxSwift */; };
		1FB14E8623EE7CCB0046D7B9 /* Kingfisher in Frameworks */ = {isa = PBXBuildFile; productRef = 1FB14E8523EE7CCB0046D7B9 /* Kingfisher */; };
		1FB14E8923EE7D300046D7B9 /* MBProgressHUD in Frameworks */ = {isa = PBXBuildFile; productRef = 1FB14E8823EE7D300046D7B9 /* MBProgressHUD */; };
		1FB14E8B23EE83220046D7B9 /* NSObject+Ext.swift in Sources */ = {isa = PBXBuildFile; fileRef = 1FB14E8A23EE83220046D7B9 /* NSObject+Ext.swift */; };
		1FB14E8E23EE85EF0046D7B9 /* LogUtil.swift in Sources */ = {isa = PBXBuildFile; fileRef = 1FB14E8D23EE85EF0046D7B9 /* LogUtil.swift */; };
		1FC4183023F0026800F7F2A3 /* ApiManager.swift in Sources */ = {isa = PBXBuildFile; fileRef = 1FC4182F23F0026800F7F2A3 /* ApiManager.swift */; };
		1FC5A71423E91530005C44A6 /* AppDelegate.swift in Sources */ = {isa = PBXBuildFile; fileRef = 1FC5A71323E91530005C44A6 /* AppDelegate.swift */; };
		1FC5A71623E91530005C44A6 /* SceneDelegate.swift in Sources */ = {isa = PBXBuildFile; fileRef = 1FC5A71523E91530005C44A6 /* SceneDelegate.swift */; };
		1FC5A71823E91530005C44A6 /* MainViewController.swift in Sources */ = {isa = PBXBuildFile; fileRef = 1FC5A71723E91530005C44A6 /* MainViewController.swift */; };
		1FC5A71B23E91530005C44A6 /* Main.storyboard in Resources */ = {isa = PBXBuildFile; fileRef = 1FC5A71923E91530005C44A6 /* Main.storyboard */; };
		1FC5A71E23E91530005C44A6 /* CleanArchitectureRxMoya.xcdatamodeld in Sources */ = {isa = PBXBuildFile; fileRef = 1FC5A71C23E91530005C44A6 /* CleanArchitectureRxMoya.xcdatamodeld */; };
		1FC5A72023E91531005C44A6 /* Assets.xcassets in Resources */ = {isa = PBXBuildFile; fileRef = 1FC5A71F23E91531005C44A6 /* Assets.xcassets */; };
		1FC5A72323E91531005C44A6 /* LaunchScreen.storyboard in Resources */ = {isa = PBXBuildFile; fileRef = 1FC5A72123E91531005C44A6 /* LaunchScreen.storyboard */; };
		1FC6596223EA9CDD005EAE68 /* BaseViewModel.swift in Sources */ = {isa = PBXBuildFile; fileRef = 1FC6596123EA9CDD005EAE68 /* BaseViewModel.swift */; };
		1FC6596423EAABBB005EAE68 /* BaseViewController.swift in Sources */ = {isa = PBXBuildFile; fileRef = 1FC6596323EAABBB005EAE68 /* BaseViewController.swift */; };
		1FFC2FE423EC132F0069C68F /* DetailViewController.swift in Sources */ = {isa = PBXBuildFile; fileRef = 1FFC2FE323EC132F0069C68F /* DetailViewController.swift */; };
		1FFC2FE623EC2C920069C68F /* DetailViewModel.swift in Sources */ = {isa = PBXBuildFile; fileRef = 1FFC2FE523EC2C920069C68F /* DetailViewModel.swift */; };
/* End PBXBuildFile section */

/* Begin PBXFileReference section */
		1F09F21823ECF0D4005DDFE9 /* ObserableTransform.swift */ = {isa = PBXFileReference; fileEncoding = 4; lastKnownFileType = sourcecode.swift; path = ObserableTransform.swift; sourceTree = "<group>"; };
		1F09F21B23ED02F3005DDFE9 /* PublishViewController.swift */ = {isa = PBXFileReference; lastKnownFileType = sourcecode.swift; path = PublishViewController.swift; sourceTree = "<group>"; };
		1F09F21D23ED0505005DDFE9 /* PublishViewModel.swift */ = {isa = PBXFileReference; lastKnownFileType = sourcecode.swift; path = PublishViewModel.swift; sourceTree = "<group>"; };
		1F43D43E23E999AA004CE885 /* GitHubModel.swift */ = {isa = PBXFileReference; fileEncoding = 4; lastKnownFileType = sourcecode.swift; path = GitHubModel.swift; sourceTree = "<group>"; };
		1F43D44123E999BE004CE885 /* GitHubApi.swift */ = {isa = PBXFileReference; fileEncoding = 4; lastKnownFileType = sourcecode.swift; path = GitHubApi.swift; sourceTree = "<group>"; };
		1F43D44323E99A10004CE885 /* MainViewModel.swift */ = {isa = PBXFileReference; lastKnownFileType = sourcecode.swift; path = MainViewModel.swift; sourceTree = "<group>"; };
		1F43D44623E99C25004CE885 /* SampleTableViewCell.swift */ = {isa = PBXFileReference; fileEncoding = 4; lastKnownFileType = sourcecode.swift; path = SampleTableViewCell.swift; sourceTree = "<group>"; };
		1F8CEA9123EA778C00D5C566 /* Observable+Ext.swift */ = {isa = PBXFileReference; fileEncoding = 4; lastKnownFileType = sourcecode.swift; path = "Observable+Ext.swift"; sourceTree = "<group>"; };
		1FB14E8A23EE83220046D7B9 /* NSObject+Ext.swift */ = {isa = PBXFileReference; lastKnownFileType = sourcecode.swift; path = "NSObject+Ext.swift"; sourceTree = "<group>"; };
		1FB14E8D23EE85EF0046D7B9 /* LogUtil.swift */ = {isa = PBXFileReference; lastKnownFileType = sourcecode.swift; path = LogUtil.swift; sourceTree = "<group>"; };
		1FC4182F23F0026800F7F2A3 /* ApiManager.swift */ = {isa = PBXFileReference; lastKnownFileType = sourcecode.swift; path = ApiManager.swift; sourceTree = "<group>"; };
		1FC5A71023E91530005C44A6 /* CleanArchitectureRxMoya.app */ = {isa = PBXFileReference; explicitFileType = wrapper.application; includeInIndex = 0; path = CleanArchitectureRxMoya.app; sourceTree = BUILT_PRODUCTS_DIR; };
		1FC5A71323E91530005C44A6 /* AppDelegate.swift */ = {isa = PBXFileReference; lastKnownFileType = sourcecode.swift; path = AppDelegate.swift; sourceTree = "<group>"; };
		1FC5A71523E91530005C44A6 /* SceneDelegate.swift */ = {isa = PBXFileReference; lastKnownFileType = sourcecode.swift; path = SceneDelegate.swift; sourceTree = "<group>"; };
		1FC5A71723E91530005C44A6 /* MainViewController.swift */ = {isa = PBXFileReference; lastKnownFileType = sourcecode.swift; path = MainViewController.swift; sourceTree = "<group>"; };
		1FC5A71A23E91530005C44A6 /* Base */ = {isa = PBXFileReference; lastKnownFileType = file.storyboard; name = Base; path = Base.lproj/Main.storyboard; sourceTree = "<group>"; };
		1FC5A71D23E91530005C44A6 /* CleanArchitectureRxMoya.xcdatamodel */ = {isa = PBXFileReference; lastKnownFileType = wrapper.xcdatamodel; path = CleanArchitectureRxMoya.xcdatamodel; sourceTree = "<group>"; };
		1FC5A71F23E91531005C44A6 /* Assets.xcassets */ = {isa = PBXFileReference; lastKnownFileType = folder.assetcatalog; path = Assets.xcassets; sourceTree = "<group>"; };
		1FC5A72223E91531005C44A6 /* Base */ = {isa = PBXFileReference; lastKnownFileType = file.storyboard; name = Base; path = Base.lproj/LaunchScreen.storyboard; sourceTree = "<group>"; };
		1FC5A72423E91531005C44A6 /* Info.plist */ = {isa = PBXFileReference; lastKnownFileType = text.plist.xml; path = Info.plist; sourceTree = "<group>"; };
		1FC6596123EA9CDD005EAE68 /* BaseViewModel.swift */ = {isa = PBXFileReference; lastKnownFileType = sourcecode.swift; path = BaseViewModel.swift; sourceTree = "<group>"; };
		1FC6596323EAABBB005EAE68 /* BaseViewController.swift */ = {isa = PBXFileReference; lastKnownFileType = sourcecode.swift; path = BaseViewController.swift; sourceTree = "<group>"; };
		1FFC2FE323EC132F0069C68F /* DetailViewController.swift */ = {isa = PBXFileReference; lastKnownFileType = sourcecode.swift; path = DetailViewController.swift; sourceTree = "<group>"; };
		1FFC2FE523EC2C920069C68F /* DetailViewModel.swift */ = {isa = PBXFileReference; lastKnownFileType = sourcecode.swift; path = DetailViewModel.swift; sourceTree = "<group>"; };
/* End PBXFileReference section */

/* Begin PBXFrameworksBuildPhase section */
		1FC5A70D23E91530005C44A6 /* Frameworks */ = {
			isa = PBXFrameworksBuildPhase;
			buildActionMask = 2147483647;
			files = (
				1FB14E8623EE7CCB0046D7B9 /* Kingfisher in Frameworks */,
				1FB14E7E23EE7C020046D7B9 /* RxMoya in Frameworks */,
				1FB14E7C23EE7C020046D7B9 /* Moya in Frameworks */,
				1FB14E8923EE7D300046D7B9 /* MBProgressHUD in Frameworks */,
				1FB14E8323EE7C620046D7B9 /* RxSwift in Frameworks */,
				1FB14E8123EE7C620046D7B9 /* RxCocoa in Frameworks */,
				1FB14E7923EE7AC40046D7B9 /* XCGLogger in Frameworks */,
			);
			runOnlyForDeploymentPostprocessing = 0;
		};
/* End PBXFrameworksBuildPhase section */

/* Begin PBXGroup section */
		1F09F21A23ED02B7005DDFE9 /* UsePublish */ = {
			isa = PBXGroup;
			children = (
				1F09F21D23ED0505005DDFE9 /* PublishViewModel.swift */,
				1F09F21B23ED02F3005DDFE9 /* PublishViewController.swift */,
			);
			path = UsePublish;
			sourceTree = "<group>";
		};
		1F43D43823E9986C004CE885 /* ViewController */ = {
			isa = PBXGroup;
			children = (
				1FC6596023EA9CC8005EAE68 /* Base */,
				1F09F21A23ED02B7005DDFE9 /* UsePublish */,
				1FFC2FE123EC07D10069C68F /* Main */,
				1FFC2FE223EC13070069C68F /* Detail */,
			);
			path = ViewController;
			sourceTree = "<group>";
		};
		1F43D43923E9987E004CE885 /* App */ = {
			isa = PBXGroup;
			children = (
				1FC5A71323E91530005C44A6 /* AppDelegate.swift */,
				1FC5A71523E91530005C44A6 /* SceneDelegate.swift */,
			);
			path = App;
			sourceTree = "<group>";
		};
		1F43D43A23E9988A004CE885 /* View */ = {
			isa = PBXGroup;
			children = (
				1F43D44523E99C04004CE885 /* Cell */,
			);
			path = View;
			sourceTree = "<group>";
		};
		1F43D43B23E998AB004CE885 /* Resource */ = {
			isa = PBXGroup;
			children = (
				1FC5A71F23E91531005C44A6 /* Assets.xcassets */,
				1FC5A71C23E91530005C44A6 /* CleanArchitectureRxMoya.xcdatamodeld */,
				1FC5A72423E91531005C44A6 /* Info.plist */,
				1FC5A72123E91531005C44A6 /* LaunchScreen.storyboard */,
				1FC5A71923E91530005C44A6 /* Main.storyboard */,
			);
			path = Resource;
			sourceTree = "<group>";
		};
		1F43D43C23E999AA004CE885 /* Model */ = {
			isa = PBXGroup;
			children = (
				1F43D43D23E999AA004CE885 /* Api */,
			);
			path = Model;
			sourceTree = "<group>";
		};
		1F43D43D23E999AA004CE885 /* Api */ = {
			isa = PBXGroup;
			children = (
				1F43D43E23E999AA004CE885 /* GitHubModel.swift */,
			);
			path = Api;
			sourceTree = "<group>";
		};
		1F43D44023E999BE004CE885 /* Network */ = {
			isa = PBXGroup;
			children = (
				1FC4182F23F0026800F7F2A3 /* ApiManager.swift */,
				1F43D44123E999BE004CE885 /* GitHubApi.swift */,
			);
			path = Network;
			sourceTree = "<group>";
		};
		1F43D44523E99C04004CE885 /* Cell */ = {
			isa = PBXGroup;
			children = (
				1F43D44623E99C25004CE885 /* SampleTableViewCell.swift */,
			);
			path = Cell;
			sourceTree = "<group>";
		};
		1F8CEA8C23EA577900D5C566 /* Common */ = {
			isa = PBXGroup;
			children = (
				1FB14E8A23EE83220046D7B9 /* NSObject+Ext.swift */,
				1F8CEA9123EA778C00D5C566 /* Observable+Ext.swift */,
				1F09F21823ECF0D4005DDFE9 /* ObserableTransform.swift */,
			);
			path = Common;
			sourceTree = "<group>";
		};
		1FB14E8C23EE85A60046D7B9 /* Utils */ = {
			isa = PBXGroup;
			children = (
				1FB14E8D23EE85EF0046D7B9 /* LogUtil.swift */,
			);
			path = Utils;
			sourceTree = "<group>";
		};
		1FC5A70723E91530005C44A6 = {
			isa = PBXGroup;
			children = (
				1FC5A71223E91530005C44A6 /* CleanArchitectureRxMoya */,
				1FC5A71123E91530005C44A6 /* Products */,
			);
			sourceTree = "<group>";
		};
		1FC5A71123E91530005C44A6 /* Products */ = {
			isa = PBXGroup;
			children = (
				1FC5A71023E91530005C44A6 /* CleanArchitectureRxMoya.app */,
			);
			name = Products;
			sourceTree = "<group>";
		};
		1FC5A71223E91530005C44A6 /* CleanArchitectureRxMoya */ = {
			isa = PBXGroup;
			children = (
				1F8CEA8C23EA577900D5C566 /* Common */,
				1F43D43923E9987E004CE885 /* App */,
				1F43D43C23E999AA004CE885 /* Model */,
				1F43D44023E999BE004CE885 /* Network */,
				1F43D43A23E9988A004CE885 /* View */,
				1F43D43823E9986C004CE885 /* ViewController */,
				1FB14E8C23EE85A60046D7B9 /* Utils */,
				1F43D43B23E998AB004CE885 /* Resource */,
			);
			path = CleanArchitectureRxMoya;
			sourceTree = "<group>";
		};
		1FC6596023EA9CC8005EAE68 /* Base */ = {
			isa = PBXGroup;
			children = (
				1FC6596123EA9CDD005EAE68 /* BaseViewModel.swift */,
				1FC6596323EAABBB005EAE68 /* BaseViewController.swift */,
			);
			path = Base;
			sourceTree = "<group>";
		};
		1FFC2FE123EC07D10069C68F /* Main */ = {
			isa = PBXGroup;
			children = (
				1F43D44323E99A10004CE885 /* MainViewModel.swift */,
				1FC5A71723E91530005C44A6 /* MainViewController.swift */,
			);
			path = Main;
			sourceTree = "<group>";
		};
		1FFC2FE223EC13070069C68F /* Detail */ = {
			isa = PBXGroup;
			children = (
				1FFC2FE523EC2C920069C68F /* DetailViewModel.swift */,
				1FFC2FE323EC132F0069C68F /* DetailViewController.swift */,
			);
			path = Detail;
			sourceTree = "<group>";
		};
/* End PBXGroup section */

/* Begin PBXNativeTarget section */
		1FC5A70F23E91530005C44A6 /* CleanArchitectureRxMoya */ = {
			isa = PBXNativeTarget;
			buildConfigurationList = 1FC5A72723E91531005C44A6 /* Build configuration list for PBXNativeTarget "CleanArchitectureRxMoya" */;
			buildPhases = (
				1FC5A70C23E91530005C44A6 /* Sources */,
				1FC5A70D23E91530005C44A6 /* Frameworks */,
				1FC5A70E23E91530005C44A6 /* Resources */,
			);
			buildRules = (
			);
			dependencies = (
			);
			name = CleanArchitectureRxMoya;
			packageProductDependencies = (
				1FB14E7823EE7AC40046D7B9 /* XCGLogger */,
				1FB14E7B23EE7C020046D7B9 /* Moya */,
				1FB14E7D23EE7C020046D7B9 /* RxMoya */,
				1FB14E8023EE7C620046D7B9 /* RxCocoa */,
				1FB14E8223EE7C620046D7B9 /* RxSwift */,
				1FB14E8523EE7CCB0046D7B9 /* Kingfisher */,
				1FB14E8823EE7D300046D7B9 /* MBProgressHUD */,
			);
			productName = CleanArchitectureRxMoya;
			productReference = 1FC5A71023E91530005C44A6 /* CleanArchitectureRxMoya.app */;
			productType = "com.apple.product-type.application";
		};
/* End PBXNativeTarget section */

/* Begin PBXProject section */
		1FC5A70823E91530005C44A6 /* Project object */ = {
			isa = PBXProject;
			attributes = {
				LastSwiftUpdateCheck = 1110;
				LastUpgradeCheck = 1110;
				ORGANIZATIONNAME = Jeff;
				TargetAttributes = {
					1FC5A70F23E91530005C44A6 = {
						CreatedOnToolsVersion = 11.1;
					};
				};
			};
			buildConfigurationList = 1FC5A70B23E91530005C44A6 /* Build configuration list for PBXProject "CleanArchitectureRxMoya" */;
			compatibilityVersion = "Xcode 9.3";
			developmentRegion = en;
			hasScannedForEncodings = 0;
			knownRegions = (
				en,
				Base,
			);
			mainGroup = 1FC5A70723E91530005C44A6;
			packageReferences = (
				1FB14E7723EE7AC40046D7B9 /* XCRemoteSwiftPackageReference "XCGLogger" */,
				1FB14E7A23EE7C020046D7B9 /* XCRemoteSwiftPackageReference "Moya" */,
				1FB14E7F23EE7C620046D7B9 /* XCRemoteSwiftPackageReference "RxSwift" */,
				1FB14E8423EE7CCB0046D7B9 /* XCRemoteSwiftPackageReference "Kingfisher" */,
				1FB14E8723EE7D300046D7B9 /* XCRemoteSwiftPackageReference "MBProgressHUD" */,
			);
			productRefGroup = 1FC5A71123E91530005C44A6 /* Products */;
			projectDirPath = "";
			projectRoot = "";
			targets = (
				1FC5A70F23E91530005C44A6 /* CleanArchitectureRxMoya */,
			);
		};
/* End PBXProject section */

/* Begin PBXResourcesBuildPhase section */
		1FC5A70E23E91530005C44A6 /* Resources */ = {
			isa = PBXResourcesBuildPhase;
			buildActionMask = 2147483647;
			files = (
				1FC5A72323E91531005C44A6 /* LaunchScreen.storyboard in Resources */,
				1FC5A72023E91531005C44A6 /* Assets.xcassets in Resources */,
				1FC5A71B23E91530005C44A6 /* Main.storyboard in Resources */,
			);
			runOnlyForDeploymentPostprocessing = 0;
		};
/* End PBXResourcesBuildPhase section */

/* Begin PBXSourcesBuildPhase section */
		1FC5A70C23E91530005C44A6 /* Sources */ = {
			isa = PBXSourcesBuildPhase;
			buildActionMask = 2147483647;
			files = (
				1F43D44423E99A10004CE885 /* MainViewModel.swift in Sources */,
				1FC6596223EA9CDD005EAE68 /* BaseViewModel.swift in Sources */,
				1FC6596423EAABBB005EAE68 /* BaseViewController.swift in Sources */,
				1FFC2FE423EC132F0069C68F /* DetailViewController.swift in Sources */,
				1FB14E8E23EE85EF0046D7B9 /* LogUtil.swift in Sources */,
				1F09F21E23ED0505005DDFE9 /* PublishViewModel.swift in Sources */,
				1F43D44723E99C25004CE885 /* SampleTableViewCell.swift in Sources */,
				1F09F21C23ED02F3005DDFE9 /* PublishViewController.swift in Sources */,
				1FC5A71823E91530005C44A6 /* MainViewController.swift in Sources */,
				1F09F21923ECF0D4005DDFE9 /* ObserableTransform.swift in Sources */,
				1F43D43F23E999AA004CE885 /* GitHubModel.swift in Sources */,
				1F8CEA9223EA778C00D5C566 /* Observable+Ext.swift in Sources */,
				1F43D44223E999BE004CE885 /* GitHubApi.swift in Sources */,
				1FFC2FE623EC2C920069C68F /* DetailViewModel.swift in Sources */,
				1FC4183023F0026800F7F2A3 /* ApiManager.swift in Sources */,
				1FC5A71423E91530005C44A6 /* AppDelegate.swift in Sources */,
				1FC5A71E23E91530005C44A6 /* CleanArchitectureRxMoya.xcdatamodeld in Sources */,
				1FB14E8B23EE83220046D7B9 /* NSObject+Ext.swift in Sources */,
				1FC5A71623E91530005C44A6 /* SceneDelegate.swift in Sources */,
			);
			runOnlyForDeploymentPostprocessing = 0;
		};
/* End PBXSourcesBuildPhase section */

/* Begin PBXVariantGroup section */
		1FC5A71923E91530005C44A6 /* Main.storyboard */ = {
			isa = PBXVariantGroup;
			children = (
				1FC5A71A23E91530005C44A6 /* Base */,
			);
			name = Main.storyboard;
			sourceTree = "<group>";
		};
		1FC5A72123E91531005C44A6 /* LaunchScreen.storyboard */ = {
			isa = PBXVariantGroup;
			children = (
				1FC5A72223E91531005C44A6 /* Base */,
			);
			name = LaunchScreen.storyboard;
			sourceTree = "<group>";
		};
/* End PBXVariantGroup section */

/* Begin XCBuildConfiguration section */
		1FC5A72523E91531005C44A6 /* Debug */ = {
			isa = XCBuildConfiguration;
			buildSettings = {
				ALWAYS_SEARCH_USER_PATHS = NO;
				CLANG_ANALYZER_NONNULL = YES;
				CLANG_ANALYZER_NUMBER_OBJECT_CONVERSION = YES_AGGRESSIVE;
				CLANG_CXX_LANGUAGE_STANDARD = "gnu++14";
				CLANG_CXX_LIBRARY = "libc++";
				CLANG_ENABLE_MODULES = YES;
				CLANG_ENABLE_OBJC_ARC = YES;
				CLANG_ENABLE_OBJC_WEAK = YES;
				CLANG_WARN_BLOCK_CAPTURE_AUTORELEASING = YES;
				CLANG_WARN_BOOL_CONVERSION = YES;
				CLANG_WARN_COMMA = YES;
				CLANG_WARN_CONSTANT_CONVERSION = YES;
				CLANG_WARN_DEPRECATED_OBJC_IMPLEMENTATIONS = YES;
				CLANG_WARN_DIRECT_OBJC_ISA_USAGE = YES_ERROR;
				CLANG_WARN_DOCUMENTATION_COMMENTS = YES;
				CLANG_WARN_EMPTY_BODY = YES;
				CLANG_WARN_ENUM_CONVERSION = YES;
				CLANG_WARN_INFINITE_RECURSION = YES;
				CLANG_WARN_INT_CONVERSION = YES;
				CLANG_WARN_NON_LITERAL_NULL_CONVERSION = YES;
				CLANG_WARN_OBJC_IMPLICIT_RETAIN_SELF = YES;
				CLANG_WARN_OBJC_LITERAL_CONVERSION = YES;
				CLANG_WARN_OBJC_ROOT_CLASS = YES_ERROR;
				CLANG_WARN_RANGE_LOOP_ANALYSIS = YES;
				CLANG_WARN_STRICT_PROTOTYPES = YES;
				CLANG_WARN_SUSPICIOUS_MOVE = YES;
				CLANG_WARN_UNGUARDED_AVAILABILITY = YES_AGGRESSIVE;
				CLANG_WARN_UNREACHABLE_CODE = YES;
				CLANG_WARN__DUPLICATE_METHOD_MATCH = YES;
				COPY_PHASE_STRIP = NO;
				DEBUG_INFORMATION_FORMAT = dwarf;
				ENABLE_STRICT_OBJC_MSGSEND = YES;
				ENABLE_TESTABILITY = YES;
				GCC_C_LANGUAGE_STANDARD = gnu11;
				GCC_DYNAMIC_NO_PIC = NO;
				GCC_NO_COMMON_BLOCKS = YES;
				GCC_OPTIMIZATION_LEVEL = 0;
				GCC_PREPROCESSOR_DEFINITIONS = (
					"DEBUG=1",
					"$(inherited)",
				);
				GCC_WARN_64_TO_32_BIT_CONVERSION = YES;
				GCC_WARN_ABOUT_RETURN_TYPE = YES_ERROR;
				GCC_WARN_UNDECLARED_SELECTOR = YES;
				GCC_WARN_UNINITIALIZED_AUTOS = YES_AGGRESSIVE;
				GCC_WARN_UNUSED_FUNCTION = YES;
				GCC_WARN_UNUSED_VARIABLE = YES;
				IPHONEOS_DEPLOYMENT_TARGET = 11.4;
				MTL_ENABLE_DEBUG_INFO = INCLUDE_SOURCE;
				MTL_FAST_MATH = YES;
				ONLY_ACTIVE_ARCH = YES;
				SDKROOT = iphoneos;
				SWIFT_ACTIVE_COMPILATION_CONDITIONS = DEBUG;
				SWIFT_OPTIMIZATION_LEVEL = "-Onone";
			};
			name = Debug;
		};
		1FC5A72623E91531005C44A6 /* Release */ = {
			isa = XCBuildConfiguration;
			buildSettings = {
				ALWAYS_SEARCH_USER_PATHS = NO;
				CLANG_ANALYZER_NONNULL = YES;
				CLANG_ANALYZER_NUMBER_OBJECT_CONVERSION = YES_AGGRESSIVE;
				CLANG_CXX_LANGUAGE_STANDARD = "gnu++14";
				CLANG_CXX_LIBRARY = "libc++";
				CLANG_ENABLE_MODULES = YES;
				CLANG_ENABLE_OBJC_ARC = YES;
				CLANG_ENABLE_OBJC_WEAK = YES;
				CLANG_WARN_BLOCK_CAPTURE_AUTORELEASING = YES;
				CLANG_WARN_BOOL_CONVERSION = YES;
				CLANG_WARN_COMMA = YES;
				CLANG_WARN_CONSTANT_CONVERSION = YES;
				CLANG_WARN_DEPRECATED_OBJC_IMPLEMENTATIONS = YES;
				CLANG_WARN_DIRECT_OBJC_ISA_USAGE = YES_ERROR;
				CLANG_WARN_DOCUMENTATION_COMMENTS = YES;
				CLANG_WARN_EMPTY_BODY = YES;
				CLANG_WARN_ENUM_CONVERSION = YES;
				CLANG_WARN_INFINITE_RECURSION = YES;
				CLANG_WARN_INT_CONVERSION = YES;
				CLANG_WARN_NON_LITERAL_NULL_CONVERSION = YES;
				CLANG_WARN_OBJC_IMPLICIT_RETAIN_SELF = YES;
				CLANG_WARN_OBJC_LITERAL_CONVERSION = YES;
				CLANG_WARN_OBJC_ROOT_CLASS = YES_ERROR;
				CLANG_WARN_RANGE_LOOP_ANALYSIS = YES;
				CLANG_WARN_STRICT_PROTOTYPES = YES;
				CLANG_WARN_SUSPICIOUS_MOVE = YES;
				CLANG_WARN_UNGUARDED_AVAILABILITY = YES_AGGRESSIVE;
				CLANG_WARN_UNREACHABLE_CODE = YES;
				CLANG_WARN__DUPLICATE_METHOD_MATCH = YES;
				COPY_PHASE_STRIP = NO;
				DEBUG_INFORMATION_FORMAT = "dwarf-with-dsym";
				ENABLE_NS_ASSERTIONS = NO;
				ENABLE_STRICT_OBJC_MSGSEND = YES;
				GCC_C_LANGUAGE_STANDARD = gnu11;
				GCC_NO_COMMON_BLOCKS = YES;
				GCC_WARN_64_TO_32_BIT_CONVERSION = YES;
				GCC_WARN_ABOUT_RETURN_TYPE = YES_ERROR;
				GCC_WARN_UNDECLARED_SELECTOR = YES;
				GCC_WARN_UNINITIALIZED_AUTOS = YES_AGGRESSIVE;
				GCC_WARN_UNUSED_FUNCTION = YES;
				GCC_WARN_UNUSED_VARIABLE = YES;
				IPHONEOS_DEPLOYMENT_TARGET = 11.4;
				MTL_ENABLE_DEBUG_INFO = NO;
				MTL_FAST_MATH = YES;
				SDKROOT = iphoneos;
				SWIFT_COMPILATION_MODE = wholemodule;
				SWIFT_OPTIMIZATION_LEVEL = "-O";
				VALIDATE_PRODUCT = YES;
			};
			name = Release;
		};
		1FC5A72823E91531005C44A6 /* Debug */ = {
			isa = XCBuildConfiguration;
			buildSettings = {
				ASSETCATALOG_COMPILER_APPICON_NAME = AppIcon;
				CODE_SIGN_STYLE = Automatic;
				DEVELOPMENT_TEAM = R5C37WFB7V;
				INFOPLIST_FILE = CleanArchitectureRxMoya/Resource/Info.plist;
				LD_RUNPATH_SEARCH_PATHS = (
					"$(inherited)",
					"@executable_path/Frameworks",
				);
				PRODUCT_BUNDLE_IDENTIFIER = com.jeff.CleanArchitectureRxMoya;
				PRODUCT_NAME = "$(TARGET_NAME)";
				SWIFT_VERSION = 5.0;
				TARGETED_DEVICE_FAMILY = "1,2";
			};
			name = Debug;
		};
		1FC5A72923E91531005C44A6 /* Release */ = {
			isa = XCBuildConfiguration;
			buildSettings = {
				ASSETCATALOG_COMPILER_APPICON_NAME = AppIcon;
				CODE_SIGN_STYLE = Automatic;
				DEVELOPMENT_TEAM = R5C37WFB7V;
				INFOPLIST_FILE = CleanArchitectureRxMoya/Resource/Info.plist;
				LD_RUNPATH_SEARCH_PATHS = (
					"$(inherited)",
					"@executable_path/Frameworks",
				);
				PRODUCT_BUNDLE_IDENTIFIER = com.jeff.CleanArchitectureRxMoya;
				PRODUCT_NAME = "$(TARGET_NAME)";
				SWIFT_VERSION = 5.0;
				TARGETED_DEVICE_FAMILY = "1,2";
			};
			name = Release;
		};
/* End XCBuildConfiguration section */

/* Begin XCConfigurationList section */
		1FC5A70B23E91530005C44A6 /* Build configuration list for PBXProject "CleanArchitectureRxMoya" */ = {
			isa = XCConfigurationList;
			buildConfigurations = (
				1FC5A72523E91531005C44A6 /* Debug */,
				1FC5A72623E91531005C44A6 /* Release */,
			);
			defaultConfigurationIsVisible = 0;
			defaultConfigurationName = Release;
		};
		1FC5A72723E91531005C44A6 /* Build configuration list for PBXNativeTarget "CleanArchitectureRxMoya" */ = {
			isa = XCConfigurationList;
			buildConfigurations = (
				1FC5A72823E91531005C44A6 /* Debug */,
				1FC5A72923E91531005C44A6 /* Release */,
			);
			defaultConfigurationIsVisible = 0;
			defaultConfigurationName = Release;
		};
/* End XCConfigurationList section */

/* Begin XCRemoteSwiftPackageReference section */
		1FB14E7723EE7AC40046D7B9 /* XCRemoteSwiftPackageReference "XCGLogger" */ = {
			isa = XCRemoteSwiftPackageReference;
			repositoryURL = "https://github.com/DaveWoodCom/XCGLogger";
			requirement = {
				kind = upToNextMajorVersion;
				minimumVersion = 7.0.1;
			};
		};
		1FB14E7A23EE7C020046D7B9 /* XCRemoteSwiftPackageReference "Moya" */ = {
			isa = XCRemoteSwiftPackageReference;
			repositoryURL = "https://github.com/Moya/Moya";
			requirement = {
				kind = upToNextMajorVersion;
				minimumVersion = 13.0.1;
			};
		};
		1FB14E7F23EE7C620046D7B9 /* XCRemoteSwiftPackageReference "RxSwift" */ = {
			isa = XCRemoteSwiftPackageReference;
			repositoryURL = "https://github.com/ReactiveX/RxSwift";
			requirement = {
				kind = upToNextMajorVersion;
				minimumVersion = 4.5.0;
			};
		};
		1FB14E8423EE7CCB0046D7B9 /* XCRemoteSwiftPackageReference "Kingfisher" */ = {
			isa = XCRemoteSwiftPackageReference;
			repositoryURL = "https://github.com/onevcat/Kingfisher";
			requirement = {
				kind = upToNextMajorVersion;
				minimumVersion = 5.13.0;
			};
		};
		1FB14E8723EE7D300046D7B9 /* XCRemoteSwiftPackageReference "MBProgressHUD" */ = {
			isa = XCRemoteSwiftPackageReference;
			repositoryURL = "https://github.com/jdg/MBProgressHUD";
			requirement = {
				kind = upToNextMajorVersion;
				minimumVersion = 1.2.0;
			};
		};
/* End XCRemoteSwiftPackageReference section */

/* Begin XCSwiftPackageProductDependency section */
		1FB14E7823EE7AC40046D7B9 /* XCGLogger */ = {
			isa = XCSwiftPackageProductDependency;
			package = 1FB14E7723EE7AC40046D7B9 /* XCRemoteSwiftPackageReference "XCGLogger" */;
			productName = XCGLogger;
		};
		1FB14E7B23EE7C020046D7B9 /* Moya */ = {
			isa = XCSwiftPackageProductDependency;
			package = 1FB14E7A23EE7C020046D7B9 /* XCRemoteSwiftPackageReference "Moya" */;
			productName = Moya;
		};
		1FB14E7D23EE7C020046D7B9 /* RxMoya */ = {
			isa = XCSwiftPackageProductDependency;
			package = 1FB14E7A23EE7C020046D7B9 /* XCRemoteSwiftPackageReference "Moya" */;
			productName = RxMoya;
		};
		1FB14E8023EE7C620046D7B9 /* RxCocoa */ = {
			isa = XCSwiftPackageProductDependency;
			package = 1FB14E7F23EE7C620046D7B9 /* XCRemoteSwiftPackageReference "RxSwift" */;
			productName = RxCocoa;
		};
		1FB14E8223EE7C620046D7B9 /* RxSwift */ = {
			isa = XCSwiftPackageProductDependency;
			package = 1FB14E7F23EE7C620046D7B9 /* XCRemoteSwiftPackageReference "RxSwift" */;
			productName = RxSwift;
		};
		1FB14E8523EE7CCB0046D7B9 /* Kingfisher */ = {
			isa = XCSwiftPackageProductDependency;
			package = 1FB14E8423EE7CCB0046D7B9 /* XCRemoteSwiftPackageReference "Kingfisher" */;
			productName = Kingfisher;
		};
		1FB14E8823EE7D300046D7B9 /* MBProgressHUD */ = {
			isa = XCSwiftPackageProductDependency;
			package = 1FB14E8723EE7D300046D7B9 /* XCRemoteSwiftPackageReference "MBProgressHUD" */;
			productName = MBProgressHUD;
		};
/* End XCSwiftPackageProductDependency section */

/* Begin XCVersionGroup section */
		1FC5A71C23E91530005C44A6 /* CleanArchitectureRxMoya.xcdatamodeld */ = {
			isa = XCVersionGroup;
			children = (
				1FC5A71D23E91530005C44A6 /* CleanArchitectureRxMoya.xcdatamodel */,
			);
			currentVersion = 1FC5A71D23E91530005C44A6 /* CleanArchitectureRxMoya.xcdatamodel */;
			path = CleanArchitectureRxMoya.xcdatamodeld;
			sourceTree = "<group>";
			versionGroupType = wrapper.xcdatamodel;
		};
/* End XCVersionGroup section */
	};
	rootObject = 1FC5A70823E91530005C44A6 /* Project object */;
}
